{
  "name": "webgputest",
  "version": "1.0.0",
  "lockfileVersion": 2,
  "requires": true,
  "packages": {
    "": {
      "version": "1.0.0",
      "license": "ISC",
      "dependencies": {
        "@webgpu/types": "^0.1.27"
      }
    },
    "node_modules/@webgpu/types": {
      "version": "0.1.27",
      "resolved": "https://registry.npmjs.org/@webgpu/types/-/types-0.1.27.tgz",
      "integrity": "sha512-9oZDgM+/vhyPDM3twL1KQSs0fLbXvbxrStWi/+tvXnas7pQuQNaNBpge8wNcEUtbLMoORQYDc6hPFCSQKqpNAw=="
    }
  },
  "dependencies": {
    "@webgpu/types": {
      "version": "0.1.27",
      "resolved": "https://registry.npmjs.org/@webgpu/types/-/types-0.1.27.tgz",
      "integrity": "sha512-9oZDgM+/vhyPDM3twL1KQSs0fLbXvbxrStWi/+tvXnas7pQuQNaNBpge8wNcEUtbLMoORQYDc6hPFCSQKqpNAw=="
    }
  }
}
